
Microsoft Visual Studio Solution File, Format Version 12.00
# Visual Studio Version 17
VisualStudioVersion = 17.4.33103.184
MinimumVisualStudioVersion = 10.0.40219.1
Project("{FAE04EC0-301F-11D3-BF4B-00C04F79EFBC}") = "TodoApi", "TodoApi\TodoApi.csproj", "{A2F85C7E-7D74-416E-BCDA-23C5C072AE28}"
EndProject
Global
	GlobalSection(SolutionConfigurationPlatforms) = preSolution
		Debug|Any CPU = Debug|Any CPU
		Release|Any CPU = Release|Any CPU
	EndGlobalSection
	GlobalSection(ProjectConfigurationPlatforms) = postSolution
		{A2F85C7E-7D74-416E-BCDA-23C5C072AE28}.Debug|Any CPU.ActiveCfg = Debug|Any CPU
		{A2F85C7E-7D74-416E-BCDA-23C5C072AE28}.Debug|Any CPU.Build.0 = Debug|Any CPU
		{A2F85C7E-7D74-416E-BCDA-23C5C072AE28}.Release|Any CPU.ActiveCfg = Release|Any CPU
		{A2F85C7E-7D74-416E-BCDA-23C5C072AE28}.Release|Any CPU.Build.0 = Release|Any CPU
	EndGlobalSection
	GlobalSection(SolutionProperties) = preSolution
		HideSolutionNode = FALSE
	EndGlobalSection
	GlobalSection(ExtensibilityGlobals) = postSolution
		SolutionGuid = {F4F45B2C-F48B-4094-AD44-AA35E875210A}
	EndGlobalSection
EndGlobal
